
Microsoft Visual Studio Solution File, Format Version 12.00
# Visual Studio Version 17
VisualStudioVersion = 17.7.34031.279
MinimumVisualStudioVersion = 10.0.40219.1
Project("{9A19103F-16F7-4668-BE54-9A1E7A4F7556}") = "demo 5", "demo 5.csproj", "{B6DB39ED-3992-49E6-9203-06E46B086777}"
EndProject
Global
	GlobalSection(SolutionConfigurationPlatforms) = preSolution
		Debug|Any CPU = Debug|Any CPU
		Release|Any CPU = Release|Any CPU
	EndGlobalSection
	GlobalSection(ProjectConfigurationPlatforms) = postSolution
		{B6DB39ED-3992-49E6-9203-06E46B086777}.Debug|Any CPU.ActiveCfg = Debug|Any CPU
		{B6DB39ED-3992-49E6-9203-06E46B086777}.Debug|Any CPU.Build.0 = Debug|Any CPU
		{B6DB39ED-3992-49E6-9203-06E46B086777}.Release|Any CPU.ActiveCfg = Release|Any CPU
		{B6DB39ED-3992-49E6-9203-06E46B086777}.Release|Any CPU.Build.0 = Release|Any CPU
	EndGlobalSection
	GlobalSection(SolutionProperties) = preSolution
		HideSolutionNode = FALSE
	EndGlobalSection
	GlobalSection(ExtensibilityGlobals) = postSolution
		SolutionGuid = {3C89046B-4849-4D6F-92A4-22F5EC9027DF}
	EndGlobalSection
EndGlobal
